
Microsoft Visual Studio Solution File, Format Version 12.00
# Visual Studio 15
VisualStudioVersion = 15.0.28010.2036
MinimumVisualStudioVersion = 10.0.40219.1
Project("{FAE04EC0-301F-11D3-BF4B-00C04F79EFBC}") = "LeagueInformer", "LeagueInformer\LeagueInformer.csproj", "{0347CB3E-13B6-4345-BFE8-84394D778D9C}"
EndProject
Project("{FAE04EC0-301F-11D3-BF4B-00C04F79EFBC}") = "LeagueInformer_UnitTests", "LeagueInformer_UnitTests\LeagueInformer_UnitTests.csproj", "{19BB14C0-E818-45A4-A083-07E1D619E173}"
EndProject
Global
	GlobalSection(SolutionConfigurationPlatforms) = preSolution
		Debug|Any CPU = Debug|Any CPU
		Release|Any CPU = Release|Any CPU
	EndGlobalSection
	GlobalSection(ProjectConfigurationPlatforms) = postSolution
		{0347CB3E-13B6-4345-BFE8-84394D778D9C}.Debug|Any CPU.ActiveCfg = Debug|Any CPU
		{0347CB3E-13B6-4345-BFE8-84394D778D9C}.Debug|Any CPU.Build.0 = Debug|Any CPU
		{0347CB3E-13B6-4345-BFE8-84394D778D9C}.Release|Any CPU.ActiveCfg = Release|Any CPU
		{0347CB3E-13B6-4345-BFE8-84394D778D9C}.Release|Any CPU.Build.0 = Release|Any CPU
		{19BB14C0-E818-45A4-A083-07E1D619E173}.Debug|Any CPU.ActiveCfg = Debug|Any CPU
		{19BB14C0-E818-45A4-A083-07E1D619E173}.Debug|Any CPU.Build.0 = Debug|Any CPU
		{19BB14C0-E818-45A4-A083-07E1D619E173}.Release|Any CPU.ActiveCfg = Release|Any CPU
		{19BB14C0-E818-45A4-A083-07E1D619E173}.Release|Any CPU.Build.0 = Release|Any CPU
	EndGlobalSection
	GlobalSection(SolutionProperties) = preSolution
		HideSolutionNode = FALSE
	EndGlobalSection
	GlobalSection(ExtensibilityGlobals) = postSolution
		SolutionGuid = {3FBB49CC-DBC6-4094-A66E-E23E394150A1}
	EndGlobalSection
EndGlobal
